
Microsoft Visual Studio Solution File, Format Version 12.00
# Visual Studio Version 17
VisualStudioVersion = 17.9.34622.214
MinimumVisualStudioVersion = 10.0.40219.1
Project("{FAE04EC0-301F-11D3-BF4B-00C04F79EFBC}") = "BlazorModalClassLibrary", "BlazorModalClassLibrary\BlazorModalClassLibrary.csproj", "{A6637A90-DA20-4AD6-9F06-543E57FB5FC3}"
EndProject
Project("{FAE04EC0-301F-11D3-BF4B-00C04F79EFBC}") = "BlazorAppWithModalClassLibrary", "BlazorAppWithModalClassLibrary\BlazorAppWithModalClassLibrary.csproj", "{054F32D2-3C75-483C-BA1A-A57080376AD8}"
EndProject
Global
	GlobalSection(SolutionConfigurationPlatforms) = preSolution
		Debug|Any CPU = Debug|Any CPU
		Release|Any CPU = Release|Any CPU
	EndGlobalSection
	GlobalSection(ProjectConfigurationPlatforms) = postSolution
		{A6637A90-DA20-4AD6-9F06-543E57FB5FC3}.Debug|Any CPU.ActiveCfg = Debug|Any CPU
		{A6637A90-DA20-4AD6-9F06-543E57FB5FC3}.Debug|Any CPU.Build.0 = Debug|Any CPU
		{A6637A90-DA20-4AD6-9F06-543E57FB5FC3}.Release|Any CPU.ActiveCfg = Release|Any CPU
		{A6637A90-DA20-4AD6-9F06-543E57FB5FC3}.Release|Any CPU.Build.0 = Release|Any CPU
		{054F32D2-3C75-483C-BA1A-A57080376AD8}.Debug|Any CPU.ActiveCfg = Debug|Any CPU
		{054F32D2-3C75-483C-BA1A-A57080376AD8}.Debug|Any CPU.Build.0 = Debug|Any CPU
		{054F32D2-3C75-483C-BA1A-A57080376AD8}.Release|Any CPU.ActiveCfg = Release|Any CPU
		{054F32D2-3C75-483C-BA1A-A57080376AD8}.Release|Any CPU.Build.0 = Release|Any CPU
	EndGlobalSection
	GlobalSection(SolutionProperties) = preSolution
		HideSolutionNode = FALSE
	EndGlobalSection
	GlobalSection(ExtensibilityGlobals) = postSolution
		SolutionGuid = {2C82AE81-7F72-4CC0-B38E-EB9F0671EC97}
	EndGlobalSection
EndGlobal
